// !$*UTF8*$!
{
	archiveVersion = 1;
	classes = {
	};
	objectVersion = 56;
	objects = {

/* Begin PBXBuildFile section */
		D44958902BCE8934005CA1C9 /* meal_selector_swiftUIApp.swift in Sources */ = {isa = PBXBuildFile; fileRef = D449588F2BCE8934005CA1C9 /* meal_selector_swiftUIApp.swift */; };
		D44958922BCE8934005CA1C9 /* ContentView.swift in Sources */ = {isa = PBXBuildFile; fileRef = D44958912BCE8934005CA1C9 /* ContentView.swift */; };
		D44958942BCE8936005CA1C9 /* Assets.xcassets in Resources */ = {isa = PBXBuildFile; fileRef = D44958932BCE8936005CA1C9 /* Assets.xcassets */; };
		D44958972BCE8936005CA1C9 /* Preview Assets.xcassets in Resources */ = {isa = PBXBuildFile; fileRef = D44958962BCE8936005CA1C9 /* Preview Assets.xcassets */; };
		D44958A12BCE8936005CA1C9 /* meal_selector_swiftUITests.swift in Sources */ = {isa = PBXBuildFile; fileRef = D44958A02BCE8936005CA1C9 /* meal_selector_swiftUITests.swift */; };
		D44958AB2BCE8936005CA1C9 /* meal_selector_swiftUIUITests.swift in Sources */ = {isa = PBXBuildFile; fileRef = D44958AA2BCE8936005CA1C9 /* meal_selector_swiftUIUITests.swift */; };
		D44958AD2BCE8936005CA1C9 /* meal_selector_swiftUIUITestsLaunchTests.swift in Sources */ = {isa = PBXBuildFile; fileRef = D44958AC2BCE8936005CA1C9 /* meal_selector_swiftUIUITestsLaunchTests.swift */; };
		D44958BA2BCE8BF6005CA1C9 /* CardView.swift in Sources */ = {isa = PBXBuildFile; fileRef = D44958B92BCE8BF6005CA1C9 /* CardView.swift */; };
		D44958BE2BCE8EF7005CA1C9 /* MealSelector.swift in Sources */ = {isa = PBXBuildFile; fileRef = D44958BD2BCE8EF7005CA1C9 /* MealSelector.swift */; };
		D483CA082BCFB7F6004E1967 /* ConfigView.swift in Sources */ = {isa = PBXBuildFile; fileRef = D483CA072BCFB7F6004E1967 /* ConfigView.swift */; };
/* End PBXBuildFile section */

/* Begin PBXContainerItemProxy section */
		D449589D2BCE8936005CA1C9 /* PBXContainerItemProxy */ = {
			isa = PBXContainerItemProxy;
			containerPortal = D44958842BCE8934005CA1C9 /* Project object */;
			proxyType = 1;
			remoteGlobalIDString = D449588B2BCE8934005CA1C9;
			remoteInfo = meal_selector_swiftUI;
		};
		D44958A72BCE8936005CA1C9 /* PBXContainerItemProxy */ = {
			isa = PBXContainerItemProxy;
			containerPortal = D44958842BCE8934005CA1C9 /* Project object */;
			proxyType = 1;
			remoteGlobalIDString = D449588B2BCE8934005CA1C9;
			remoteInfo = meal_selector_swiftUI;
		};
/* End PBXContainerItemProxy section */

/* Begin PBXFileReference section */
		D449588C2BCE8934005CA1C9 /* meal_selector_swiftUI.app */ = {isa = PBXFileReference; explicitFileType = wrapper.application; includeInIndex = 0; path = meal_selector_swiftUI.app; sourceTree = BUILT_PRODUCTS_DIR; };
		D449588F2BCE8934005CA1C9 /* meal_selector_swiftUIApp.swift */ = {isa = PBXFileReference; lastKnownFileType = sourcecode.swift; path = meal_selector_swiftUIApp.swift; sourceTree = "<group>"; };
		D44958912BCE8934005CA1C9 /* ContentView.swift */ = {isa = PBXFileReference; lastKnownFileType = sourcecode.swift; path = ContentView.swift; sourceTree = "<group>"; };
		D44958932BCE8936005CA1C9 /* Assets.xcassets */ = {isa = PBXFileReference; lastKnownFileType = folder.assetcatalog; path = Assets.xcassets; sourceTree = "<group>"; };
		D44958962BCE8936005CA1C9 /* Preview Assets.xcassets */ = {isa = PBXFileReference; lastKnownFileType = folder.assetcatalog; path = "Preview Assets.xcassets"; sourceTree = "<group>"; };
		D449589C2BCE8936005CA1C9 /* meal_selector_swiftUITests.xctest */ = {isa = PBXFileReference; explicitFileType = wrapper.cfbundle; includeInIndex = 0; path = meal_selector_swiftUITests.xctest; sourceTree = BUILT_PRODUCTS_DIR; };
		D44958A02BCE8936005CA1C9 /* meal_selector_swiftUITests.swift */ = {isa = PBXFileReference; lastKnownFileType = sourcecode.swift; path = meal_selector_swiftUITests.swift; sourceTree = "<group>"; };
		D44958A62BCE8936005CA1C9 /* meal_selector_swiftUIUITests.xctest */ = {isa = PBXFileReference; explicitFileType = wrapper.cfbundle; includeInIndex = 0; path = meal_selector_swiftUIUITests.xctest; sourceTree = BUILT_PRODUCTS_DIR; };
		D44958AA2BCE8936005CA1C9 /* meal_selector_swiftUIUITests.swift */ = {isa = PBXFileReference; lastKnownFileType = sourcecode.swift; path = meal_selector_swiftUIUITests.swift; sourceTree = "<group>"; };
		D44958AC2BCE8936005CA1C9 /* meal_selector_swiftUIUITestsLaunchTests.swift */ = {isa = PBXFileReference; lastKnownFileType = sourcecode.swift; path = meal_selector_swiftUIUITestsLaunchTests.swift; sourceTree = "<group>"; };
		D44958B92BCE8BF6005CA1C9 /* CardView.swift */ = {isa = PBXFileReference; lastKnownFileType = sourcecode.swift; path = CardView.swift; sourceTree = "<group>"; };
		D44958BD2BCE8EF7005CA1C9 /* MealSelector.swift */ = {isa = PBXFileReference; lastKnownFileType = sourcecode.swift; path = MealSelector.swift; sourceTree = "<group>"; };
		D483CA072BCFB7F6004E1967 /* ConfigView.swift */ = {isa = PBXFileReference; lastKnownFileType = sourcecode.swift; path = ConfigView.swift; sourceTree = "<group>"; };
/* End PBXFileReference section */

/* Begin PBXFrameworksBuildPhase section */
		D44958892BCE8934005CA1C9 /* Frameworks */ = {
			isa = PBXFrameworksBuildPhase;
			buildActionMask = 2147483647;
			files = (
			);
			runOnlyForDeploymentPostprocessing = 0;
		};
		D44958992BCE8936005CA1C9 /* Frameworks */ = {
			isa = PBXFrameworksBuildPhase;
			buildActionMask = 2147483647;
			files = (
			);
			runOnlyForDeploymentPostprocessing = 0;
		};
		D44958A32BCE8936005CA1C9 /* Frameworks */ = {
			isa = PBXFrameworksBuildPhase;
			buildActionMask = 2147483647;
			files = (
			);
			runOnlyForDeploymentPostprocessing = 0;
		};
/* End PBXFrameworksBuildPhase section */

/* Begin PBXGroup section */
		D44958832BCE8934005CA1C9 = {
			isa = PBXGroup;
			children = (
				D449588E2BCE8934005CA1C9 /* meal_selector_swiftUI */,
				D449589F2BCE8936005CA1C9 /* meal_selector_swiftUITests */,
				D44958A92BCE8936005CA1C9 /* meal_selector_swiftUIUITests */,
				D449588D2BCE8934005CA1C9 /* Products */,
			);
			sourceTree = "<group>";
		};
		D449588D2BCE8934005CA1C9 /* Products */ = {
			isa = PBXGroup;
			children = (
				D449588C2BCE8934005CA1C9 /* meal_selector_swiftUI.app */,
				D449589C2BCE8936005CA1C9 /* meal_selector_swiftUITests.xctest */,
				D44958A62BCE8936005CA1C9 /* meal_selector_swiftUIUITests.xctest */,
			);
			name = Products;
			sourceTree = "<group>";
		};
		D449588E2BCE8934005CA1C9 /* meal_selector_swiftUI */ = {
			isa = PBXGroup;
			children = (
				D449588F2BCE8934005CA1C9 /* meal_selector_swiftUIApp.swift */,
				D44958912BCE8934005CA1C9 /* ContentView.swift */,
				D44958932BCE8936005CA1C9 /* Assets.xcassets */,
				D44958952BCE8936005CA1C9 /* Preview Content */,
				D44958B92BCE8BF6005CA1C9 /* CardView.swift */,
				D44958BD2BCE8EF7005CA1C9 /* MealSelector.swift */,
				D483CA072BCFB7F6004E1967 /* ConfigView.swift */,
			);
			path = meal_selector_swiftUI;
			sourceTree = "<group>";
		};
		D44958952BCE8936005CA1C9 /* Preview Content */ = {
			isa = PBXGroup;
			children = (
				D44958962BCE8936005CA1C9 /* Preview Assets.xcassets */,
			);
			path = "Preview Content";
			sourceTree = "<group>";
		};
		D449589F2BCE8936005CA1C9 /* meal_selector_swiftUITests */ = {
			isa = PBXGroup;
			children = (
				D44958A02BCE8936005CA1C9 /* meal_selector_swiftUITests.swift */,
			);
			path = meal_selector_swiftUITests;
			sourceTree = "<group>";
		};
		D44958A92BCE8936005CA1C9 /* meal_selector_swiftUIUITests */ = {
			isa = PBXGroup;
			children = (
				D44958AA2BCE8936005CA1C9 /* meal_selector_swiftUIUITests.swift */,
				D44958AC2BCE8936005CA1C9 /* meal_selector_swiftUIUITestsLaunchTests.swift */,
			);
			path = meal_selector_swiftUIUITests;
			sourceTree = "<group>";
		};
/* End PBXGroup section */

/* Begin PBXNativeTarget section */
		D449588B2BCE8934005CA1C9 /* meal_selector_swiftUI */ = {
			isa = PBXNativeTarget;
			buildConfigurationList = D44958B02BCE8936005CA1C9 /* Build configuration list for PBXNativeTarget "meal_selector_swiftUI" */;
			buildPhases = (
				D44958882BCE8934005CA1C9 /* Sources */,
				D44958892BCE8934005CA1C9 /* Frameworks */,
				D449588A2BCE8934005CA1C9 /* Resources */,
			);
			buildRules = (
			);
			dependencies = (
			);
			name = meal_selector_swiftUI;
			productName = meal_selector_swiftUI;
			productReference = D449588C2BCE8934005CA1C9 /* meal_selector_swiftUI.app */;
			productType = "com.apple.product-type.application";
		};
		D449589B2BCE8936005CA1C9 /* meal_selector_swiftUITests */ = {
			isa = PBXNativeTarget;
			buildConfigurationList = D44958B32BCE8936005CA1C9 /* Build configuration list for PBXNativeTarget "meal_selector_swiftUITests" */;
			buildPhases = (
				D44958982BCE8936005CA1C9 /* Sources */,
				D44958992BCE8936005CA1C9 /* Frameworks */,
				D449589A2BCE8936005CA1C9 /* Resources */,
			);
			buildRules = (
			);
			dependencies = (
				D449589E2BCE8936005CA1C9 /* PBXTargetDependency */,
			);
			name = meal_selector_swiftUITests;
			productName = meal_selector_swiftUITests;
			productReference = D449589C2BCE8936005CA1C9 /* meal_selector_swiftUITests.xctest */;
			productType = "com.apple.product-type.bundle.unit-test";
		};
		D44958A52BCE8936005CA1C9 /* meal_selector_swiftUIUITests */ = {
			isa = PBXNativeTarget;
			buildConfigurationList = D44958B62BCE8936005CA1C9 /* Build configuration list for PBXNativeTarget "meal_selector_swiftUIUITests" */;
			buildPhases = (
				D44958A22BCE8936005CA1C9 /* Sources */,
				D44958A32BCE8936005CA1C9 /* Frameworks */,
				D44958A42BCE8936005CA1C9 /* Resources */,
			);
			buildRules = (
			);
			dependencies = (
				D44958A82BCE8936005CA1C9 /* PBXTargetDependency */,
			);
			name = meal_selector_swiftUIUITests;
			productName = meal_selector_swiftUIUITests;
			productReference = D44958A62BCE8936005CA1C9 /* meal_selector_swiftUIUITests.xctest */;
			productType = "com.apple.product-type.bundle.ui-testing";
		};
/* End PBXNativeTarget section */

/* Begin PBXProject section */
		D44958842BCE8934005CA1C9 /* Project object */ = {
			isa = PBXProject;
			attributes = {
				BuildIndependentTargetsInParallel = 1;
				LastSwiftUpdateCheck = 1520;
				LastUpgradeCheck = 1520;
				TargetAttributes = {
					D449588B2BCE8934005CA1C9 = {
						CreatedOnToolsVersion = 15.2;
					};
					D449589B2BCE8936005CA1C9 = {
						CreatedOnToolsVersion = 15.2;
						TestTargetID = D449588B2BCE8934005CA1C9;
					};
					D44958A52BCE8936005CA1C9 = {
						CreatedOnToolsVersion = 15.2;
						TestTargetID = D449588B2BCE8934005CA1C9;
					};
				};
			};
			buildConfigurationList = D44958872BCE8934005CA1C9 /* Build configuration list for PBXProject "meal_selector_swiftUI" */;
			compatibilityVersion = "Xcode 14.0";
			developmentRegion = "zh-Hant";
			hasScannedForEncodings = 0;
			knownRegions = (
				en,
				Base,
				"zh-Hant",
			);
			mainGroup = D44958832BCE8934005CA1C9;
			productRefGroup = D449588D2BCE8934005CA1C9 /* Products */;
			projectDirPath = "";
			projectRoot = "";
			targets = (
				D449588B2BCE8934005CA1C9 /* meal_selector_swiftUI */,
				D449589B2BCE8936005CA1C9 /* meal_selector_swiftUITests */,
				D44958A52BCE8936005CA1C9 /* meal_selector_swiftUIUITests */,
			);
		};
/* End PBXProject section */

/* Begin PBXResourcesBuildPhase section */
		D449588A2BCE8934005CA1C9 /* Resources */ = {
			isa = PBXResourcesBuildPhase;
			buildActionMask = 2147483647;
			files = (
				D44958972BCE8936005CA1C9 /* Preview Assets.xcassets in Resources */,
				D44958942BCE8936005CA1C9 /* Assets.xcassets in Resources */,
			);
			runOnlyForDeploymentPostprocessing = 0;
		};
		D449589A2BCE8936005CA1C9 /* Resources */ = {
			isa = PBXResourcesBuildPhase;
			buildActionMask = 2147483647;
			files = (
			);
			runOnlyForDeploymentPostprocessing = 0;
		};
		D44958A42BCE8936005CA1C9 /* Resources */ = {
			isa = PBXResourcesBuildPhase;
			buildActionMask = 2147483647;
			files = (
			);
			runOnlyForDeploymentPostprocessing = 0;
		};
/* End PBXResourcesBuildPhase section */

/* Begin PBXSourcesBuildPhase section */
		D44958882BCE8934005CA1C9 /* Sources */ = {
			isa = PBXSourcesBuildPhase;
			buildActionMask = 2147483647;
			files = (
				D483CA082BCFB7F6004E1967 /* ConfigView.swift in Sources */,
				D44958922BCE8934005CA1C9 /* ContentView.swift in Sources */,
				D44958BE2BCE8EF7005CA1C9 /* MealSelector.swift in Sources */,
				D44958BA2BCE8BF6005CA1C9 /* CardView.swift in Sources */,
				D44958902BCE8934005CA1C9 /* meal_selector_swiftUIApp.swift in Sources */,
			);
			runOnlyForDeploymentPostprocessing = 0;
		};
		D44958982BCE8936005CA1C9 /* Sources */ = {
			isa = PBXSourcesBuildPhase;
			buildActionMask = 2147483647;
			files = (
				D44958A12BCE8936005CA1C9 /* meal_selector_swiftUITests.swift in Sources */,
			);
			runOnlyForDeploymentPostprocessing = 0;
		};
		D44958A22BCE8936005CA1C9 /* Sources */ = {
			isa = PBXSourcesBuildPhase;
			buildActionMask = 2147483647;
			files = (
				D44958AD2BCE8936005CA1C9 /* meal_selector_swiftUIUITestsLaunchTests.swift in Sources */,
				D44958AB2BCE8936005CA1C9 /* meal_selector_swiftUIUITests.swift in Sources */,
			);
			runOnlyForDeploymentPostprocessing = 0;
		};
/* End PBXSourcesBuildPhase section */

/* Begin PBXTargetDependency section */
		D449589E2BCE8936005CA1C9 /* PBXTargetDependency */ = {
			isa = PBXTargetDependency;
			target = D449588B2BCE8934005CA1C9 /* meal_selector_swiftUI */;
			targetProxy = D449589D2BCE8936005CA1C9 /* PBXContainerItemProxy */;
		};
		D44958A82BCE8936005CA1C9 /* PBXTargetDependency */ = {
			isa = PBXTargetDependency;
			target = D449588B2BCE8934005CA1C9 /* meal_selector_swiftUI */;
			targetProxy = D44958A72BCE8936005CA1C9 /* PBXContainerItemProxy */;
		};
/* End PBXTargetDependency section */

/* Begin XCBuildConfiguration section */
		D44958AE2BCE8936005CA1C9 /* Debug */ = {
			isa = XCBuildConfiguration;
			buildSettings = {
				ALWAYS_SEARCH_USER_PATHS = NO;
				ASSETCATALOG_COMPILER_GENERATE_SWIFT_ASSET_SYMBOL_EXTENSIONS = YES;
				CLANG_ANALYZER_NONNULL = YES;
				CLANG_ANALYZER_NUMBER_OBJECT_CONVERSION = YES_AGGRESSIVE;
				CLANG_CXX_LANGUAGE_STANDARD = "gnu++20";
				CLANG_ENABLE_MODULES = YES;
				CLANG_ENABLE_OBJC_ARC = YES;
				CLANG_ENABLE_OBJC_WEAK = YES;
				CLANG_WARN_BLOCK_CAPTURE_AUTORELEASING = YES;
				CLANG_WARN_BOOL_CONVERSION = YES;
				CLANG_WARN_COMMA = YES;
				CLANG_WARN_CONSTANT_CONVERSION = YES;
				CLANG_WARN_DEPRECATED_OBJC_IMPLEMENTATIONS = YES;
				CLANG_WARN_DIRECT_OBJC_ISA_USAGE = YES_ERROR;
				CLANG_WARN_DOCUMENTATION_COMMENTS = YES;
				CLANG_WARN_EMPTY_BODY = YES;
				CLANG_WARN_ENUM_CONVERSION = YES;
				CLANG_WARN_INFINITE_RECURSION = YES;
				CLANG_WARN_INT_CONVERSION = YES;
				CLANG_WARN_NON_LITERAL_NULL_CONVERSION = YES;
				CLANG_WARN_OBJC_IMPLICIT_RETAIN_SELF = YES;
				CLANG_WARN_OBJC_LITERAL_CONVERSION = YES;
				CLANG_WARN_OBJC_ROOT_CLASS = YES_ERROR;
				CLANG_WARN_QUOTED_INCLUDE_IN_FRAMEWORK_HEADER = YES;
				CLANG_WARN_RANGE_LOOP_ANALYSIS = YES;
				CLANG_WARN_STRICT_PROTOTYPES = YES;
				CLANG_WARN_SUSPICIOUS_MOVE = YES;
				CLANG_WARN_UNGUARDED_AVAILABILITY = YES_AGGRESSIVE;
				CLANG_WARN_UNREACHABLE_CODE = YES;
				CLANG_WARN__DUPLICATE_METHOD_MATCH = YES;
				COPY_PHASE_STRIP = NO;
				DEBUG_INFORMATION_FORMAT = dwarf;
				ENABLE_STRICT_OBJC_MSGSEND = YES;
				ENABLE_TESTABILITY = YES;
				ENABLE_USER_SCRIPT_SANDBOXING = YES;
				GCC_C_LANGUAGE_STANDARD = gnu17;
				GCC_DYNAMIC_NO_PIC = NO;
				GCC_NO_COMMON_BLOCKS = YES;
				GCC_OPTIMIZATION_LEVEL = 0;
				GCC_PREPROCESSOR_DEFINITIONS = (
					"DEBUG=1",
					"$(inherited)",
				);
				GCC_WARN_64_TO_32_BIT_CONVERSION = YES;
				GCC_WARN_ABOUT_RETURN_TYPE = YES_ERROR;
				GCC_WARN_UNDECLARED_SELECTOR = YES;
				GCC_WARN_UNINITIALIZED_AUTOS = YES_AGGRESSIVE;
				GCC_WARN_UNUSED_FUNCTION = YES;
				GCC_WARN_UNUSED_VARIABLE = YES;
				IPHONEOS_DEPLOYMENT_TARGET = 17.2;
				LOCALIZATION_PREFERS_STRING_CATALOGS = YES;
				MTL_ENABLE_DEBUG_INFO = INCLUDE_SOURCE;
				MTL_FAST_MATH = YES;
				ONLY_ACTIVE_ARCH = YES;
				SDKROOT = iphoneos;
				SWIFT_ACTIVE_COMPILATION_CONDITIONS = "DEBUG $(inherited)";
				SWIFT_OPTIMIZATION_LEVEL = "-Onone";
			};
			name = Debug;
		};
		D44958AF2BCE8936005CA1C9 /* Release */ = {
			isa = XCBuildConfiguration;
			buildSettings = {
				ALWAYS_SEARCH_USER_PATHS = NO;
				ASSETCATALOG_COMPILER_GENERATE_SWIFT_ASSET_SYMBOL_EXTENSIONS = YES;
				CLANG_ANALYZER_NONNULL = YES;
				CLANG_ANALYZER_NUMBER_OBJECT_CONVERSION = YES_AGGRESSIVE;
				CLANG_CXX_LANGUAGE_STANDARD = "gnu++20";
				CLANG_ENABLE_MODULES = YES;
				CLANG_ENABLE_OBJC_ARC = YES;
				CLANG_ENABLE_OBJC_WEAK = YES;
				CLANG_WARN_BLOCK_CAPTURE_AUTORELEASING = YES;
				CLANG_WARN_BOOL_CONVERSION = YES;
				CLANG_WARN_COMMA = YES;
				CLANG_WARN_CONSTANT_CONVERSION = YES;
				CLANG_WARN_DEPRECATED_OBJC_IMPLEMENTATIONS = YES;
				CLANG_WARN_DIRECT_OBJC_ISA_USAGE = YES_ERROR;
				CLANG_WARN_DOCUMENTATION_COMMENTS = YES;
				CLANG_WARN_EMPTY_BODY = YES;
				CLANG_WARN_ENUM_CONVERSION = YES;
				CLANG_WARN_INFINITE_RECURSION = YES;
				CLANG_WARN_INT_CONVERSION = YES;
				CLANG_WARN_NON_LITERAL_NULL_CONVERSION = YES;
				CLANG_WARN_OBJC_IMPLICIT_RETAIN_SELF = YES;
				CLANG_WARN_OBJC_LITERAL_CONVERSION = YES;
				CLANG_WARN_OBJC_ROOT_CLASS = YES_ERROR;
				CLANG_WARN_QUOTED_INCLUDE_IN_FRAMEWORK_HEADER = YES;
				CLANG_WARN_RANGE_LOOP_ANALYSIS = YES;
				CLANG_WARN_STRICT_PROTOTYPES = YES;
				CLANG_WARN_SUSPICIOUS_MOVE = YES;
				CLANG_WARN_UNGUARDED_AVAILABILITY = YES_AGGRESSIVE;
				CLANG_WARN_UNREACHABLE_CODE = YES;
				CLANG_WARN__DUPLICATE_METHOD_MATCH = YES;
				COPY_PHASE_STRIP = NO;
				DEBUG_INFORMATION_FORMAT = "dwarf-with-dsym";
				ENABLE_NS_ASSERTIONS = NO;
				ENABLE_STRICT_OBJC_MSGSEND = YES;
				ENABLE_USER_SCRIPT_SANDBOXING = YES;
				GCC_C_LANGUAGE_STANDARD = gnu17;
				GCC_NO_COMMON_BLOCKS = YES;
				GCC_WARN_64_TO_32_BIT_CONVERSION = YES;
				GCC_WARN_ABOUT_RETURN_TYPE = YES_ERROR;
				GCC_WARN_UNDECLARED_SELECTOR = YES;
				GCC_WARN_UNINITIALIZED_AUTOS = YES_AGGRESSIVE;
				GCC_WARN_UNUSED_FUNCTION = YES;
				GCC_WARN_UNUSED_VARIABLE = YES;
				IPHONEOS_DEPLOYMENT_TARGET = 17.2;
				LOCALIZATION_PREFERS_STRING_CATALOGS = YES;
				MTL_ENABLE_DEBUG_INFO = NO;
				MTL_FAST_MATH = YES;
				SDKROOT = iphoneos;
				SWIFT_COMPILATION_MODE = wholemodule;
				VALIDATE_PRODUCT = YES;
			};
			name = Release;
		};
		D44958B12BCE8936005CA1C9 /* Debug */ = {
			isa = XCBuildConfiguration;
			buildSettings = {
				ASSETCATALOG_COMPILER_APPICON_NAME = AppIcon;
				ASSETCATALOG_COMPILER_GLOBAL_ACCENT_COLOR_NAME = AccentColor;
				CODE_SIGN_STYLE = Automatic;
				CURRENT_PROJECT_VERSION = 1;
				DEVELOPMENT_ASSET_PATHS = "\"meal_selector_swiftUI/Preview Content\"";
				DEVELOPMENT_TEAM = 2623VKBXMJ;
				ENABLE_PREVIEWS = YES;
				GENERATE_INFOPLIST_FILE = YES;
				INFOPLIST_KEY_UIApplicationSceneManifest_Generation = YES;
				INFOPLIST_KEY_UIApplicationSupportsIndirectInputEvents = YES;
				INFOPLIST_KEY_UILaunchScreen_Generation = YES;
				INFOPLIST_KEY_UISupportedInterfaceOrientations_iPad = "UIInterfaceOrientationPortrait UIInterfaceOrientationPortraitUpsideDown UIInterfaceOrientationLandscapeLeft UIInterfaceOrientationLandscapeRight";
				INFOPLIST_KEY_UISupportedInterfaceOrientations_iPhone = "UIInterfaceOrientationPortrait UIInterfaceOrientationLandscapeLeft UIInterfaceOrientationLandscapeRight";
				LD_RUNPATH_SEARCH_PATHS = (
					"$(inherited)",
					"@executable_path/Frameworks",
				);
				MARKETING_VERSION = 1.0;
				PRODUCT_BUNDLE_IDENTIFIER = "mendermanm.meal-selector-swiftUI";
				PRODUCT_NAME = "$(TARGET_NAME)";
				SWIFT_EMIT_LOC_STRINGS = YES;
				SWIFT_VERSION = 5.0;
				TARGETED_DEVICE_FAMILY = "1,2";
			};
			name = Debug;
		};
		D44958B22BCE8936005CA1C9 /* Release */ = {
			isa = XCBuildConfiguration;
			buildSettings = {
				ASSETCATALOG_COMPILER_APPICON_NAME = AppIcon;
				ASSETCATALOG_COMPILER_GLOBAL_ACCENT_COLOR_NAME = AccentColor;
				CODE_SIGN_STYLE = Automatic;
				CURRENT_PROJECT_VERSION = 1;
				DEVELOPMENT_ASSET_PATHS = "\"meal_selector_swiftUI/Preview Content\"";
				DEVELOPMENT_TEAM = 2623VKBXMJ;
				ENABLE_PREVIEWS = YES;
				GENERATE_INFOPLIST_FILE = YES;
				INFOPLIST_KEY_UIApplicationSceneManifest_Generation = YES;
				INFOPLIST_KEY_UIApplicationSupportsIndirectInputEvents = YES;
				INFOPLIST_KEY_UILaunchScreen_Generation = YES;
				INFOPLIST_KEY_UISupportedInterfaceOrientations_iPad = "UIInterfaceOrientationPortrait UIInterfaceOrientationPortraitUpsideDown UIInterfaceOrientationLandscapeLeft UIInterfaceOrientationLandscapeRight";
				INFOPLIST_KEY_UISupportedInterfaceOrientations_iPhone = "UIInterfaceOrientationPortrait UIInterfaceOrientationLandscapeLeft UIInterfaceOrientationLandscapeRight";
				LD_RUNPATH_SEARCH_PATHS = (
					"$(inherited)",
					"@executable_path/Frameworks",
				);
				MARKETING_VERSION = 1.0;
				PRODUCT_BUNDLE_IDENTIFIER = "mendermanm.meal-selector-swiftUI";
				PRODUCT_NAME = "$(TARGET_NAME)";
				SWIFT_EMIT_LOC_STRINGS = YES;
				SWIFT_VERSION = 5.0;
				TARGETED_DEVICE_FAMILY = "1,2";
			};
			name = Release;
		};
		D44958B42BCE8936005CA1C9 /* Debug */ = {
			isa = XCBuildConfiguration;
			buildSettings = {
				ALWAYS_EMBED_SWIFT_STANDARD_LIBRARIES = YES;
				BUNDLE_LOADER = "$(TEST_HOST)";
				CODE_SIGN_STYLE = Automatic;
				CURRENT_PROJECT_VERSION = 1;
				DEVELOPMENT_TEAM = 2623VKBXMJ;
				GENERATE_INFOPLIST_FILE = YES;
				IPHONEOS_DEPLOYMENT_TARGET = 17.2;
				MARKETING_VERSION = 1.0;
				PRODUCT_BUNDLE_IDENTIFIER = "mendermanm.meal-selector-swiftUITests";
				PRODUCT_NAME = "$(TARGET_NAME)";
				SWIFT_EMIT_LOC_STRINGS = NO;
				SWIFT_VERSION = 5.0;
				TARGETED_DEVICE_FAMILY = "1,2";
				TEST_HOST = "$(BUILT_PRODUCTS_DIR)/meal_selector_swiftUI.app/$(BUNDLE_EXECUTABLE_FOLDER_PATH)/meal_selector_swiftUI";
			};
			name = Debug;
		};
		D44958B52BCE8936005CA1C9 /* Release */ = {
			isa = XCBuildConfiguration;
			buildSettings = {
				ALWAYS_EMBED_SWIFT_STANDARD_LIBRARIES = YES;
				BUNDLE_LOADER = "$(TEST_HOST)";
				CODE_SIGN_STYLE = Automatic;
				CURRENT_PROJECT_VERSION = 1;
				DEVELOPMENT_TEAM = 2623VKBXMJ;
				GENERATE_INFOPLIST_FILE = YES;
				IPHONEOS_DEPLOYMENT_TARGET = 17.2;
				MARKETING_VERSION = 1.0;
				PRODUCT_BUNDLE_IDENTIFIER = "mendermanm.meal-selector-swiftUITests";
				PRODUCT_NAME = "$(TARGET_NAME)";
				SWIFT_EMIT_LOC_STRINGS = NO;
				SWIFT_VERSION = 5.0;
				TARGETED_DEVICE_FAMILY = "1,2";
				TEST_HOST = "$(BUILT_PRODUCTS_DIR)/meal_selector_swiftUI.app/$(BUNDLE_EXECUTABLE_FOLDER_PATH)/meal_selector_swiftUI";
			};
			name = Release;
		};
		D44958B72BCE8936005CA1C9 /* Debug */ = {
			isa = XCBuildConfiguration;
			buildSettings = {
				ALWAYS_EMBED_SWIFT_STANDARD_LIBRARIES = YES;
				CODE_SIGN_STYLE = Automatic;
				CURRENT_PROJECT_VERSION = 1;
				DEVELOPMENT_TEAM = 2623VKBXMJ;
				GENERATE_INFOPLIST_FILE = YES;
				MARKETING_VERSION = 1.0;
				PRODUCT_BUNDLE_IDENTIFIER = "mendermanm.meal-selector-swiftUIUITests";
				PRODUCT_NAME = "$(TARGET_NAME)";
				SWIFT_EMIT_LOC_STRINGS = NO;
				SWIFT_VERSION = 5.0;
				TARGETED_DEVICE_FAMILY = "1,2";
				TEST_TARGET_NAME = meal_selector_swiftUI;
			};
			name = Debug;
		};
		D44958B82BCE8936005CA1C9 /* Release */ = {
			isa = XCBuildConfiguration;
			buildSettings = {
				ALWAYS_EMBED_SWIFT_STANDARD_LIBRARIES = YES;
				CODE_SIGN_STYLE = Automatic;
				CURRENT_PROJECT_VERSION = 1;
				DEVELOPMENT_TEAM = 2623VKBXMJ;
				GENERATE_INFOPLIST_FILE = YES;
				MARKETING_VERSION = 1.0;
				PRODUCT_BUNDLE_IDENTIFIER = "mendermanm.meal-selector-swiftUIUITests";
				PRODUCT_NAME = "$(TARGET_NAME)";
				SWIFT_EMIT_LOC_STRINGS = NO;
				SWIFT_VERSION = 5.0;
				TARGETED_DEVICE_FAMILY = "1,2";
				TEST_TARGET_NAME = meal_selector_swiftUI;
			};
			name = Release;
		};
/* End XCBuildConfiguration section */

/* Begin XCConfigurationList section */
		D44958872BCE8934005CA1C9 /* Build configuration list for PBXProject "meal_selector_swiftUI" */ = {
			isa = XCConfigurationList;
			buildConfigurations = (
				D44958AE2BCE8936005CA1C9 /* Debug */,
				D44958AF2BCE8936005CA1C9 /* Release */,
			);
			defaultConfigurationIsVisible = 0;
			defaultConfigurationName = Release;
		};
		D44958B02BCE8936005CA1C9 /* Build configuration list for PBXNativeTarget "meal_selector_swiftUI" */ = {
			isa = XCConfigurationList;
			buildConfigurations = (
				D44958B12BCE8936005CA1C9 /* Debug */,
				D44958B22BCE8936005CA1C9 /* Release */,
			);
			defaultConfigurationIsVisible = 0;
			defaultConfigurationName = Release;
		};
		D44958B32BCE8936005CA1C9 /* Build configuration list for PBXNativeTarget "meal_selector_swiftUITests" */ = {
			isa = XCConfigurationList;
			buildConfigurations = (
				D44958B42BCE8936005CA1C9 /* Debug */,
				D44958B52BCE8936005CA1C9 /* Release */,
			);
			defaultConfigurationIsVisible = 0;
			defaultConfigurationName = Release;
		};
		D44958B62BCE8936005CA1C9 /* Build configuration list for PBXNativeTarget "meal_selector_swiftUIUITests" */ = {
			isa = XCConfigurationList;
			buildConfigurations = (
				D44958B72BCE8936005CA1C9 /* Debug */,
				D44958B82BCE8936005CA1C9 /* Release */,
			);
			defaultConfigurationIsVisible = 0;
			defaultConfigurationName = Release;
		};
/* End XCConfigurationList section */
	};
	rootObject = D44958842BCE8934005CA1C9 /* Project object */;
}
